
Microsoft Visual Studio Solution File, Format Version 12.00
# Visual Studio 15
VisualStudioVersion = 15.0.28307.421
MinimumVisualStudioVersion = 10.0.40219.1
Project("{FAE04EC0-301F-11D3-BF4B-00C04F79EFBC}") = "05.Pair", "05.Pair\05.Pair.csproj", "{B3D9ABF5-341C-4A55-8E9B-F6912D5E75D8}"
EndProject
Project("{FAE04EC0-301F-11D3-BF4B-00C04F79EFBC}") = "04.FirstMissingInt", "04.FirstMissingInt\04.FirstMissingInt.csproj", "{D6308FB2-E01D-46CF-A380-93B368404D8E}"
EndProject
Project("{FAE04EC0-301F-11D3-BF4B-00C04F79EFBC}") = "06.XORLinkedList", "06.XORLinkedList\06.XORLinkedList.csproj", "{0A8253D4-174D-407C-9FB5-5F8B07A324AC}"
EndProject
Project("{FAE04EC0-301F-11D3-BF4B-00C04F79EFBC}") = "03.TreeSerialization", "03.TreeSerialization\03.TreeSerialization.csproj", "{0C9E7642-B1AC-42F2-BE4A-9D85F8E1A9FE}"
EndProject
Project("{FAE04EC0-301F-11D3-BF4B-00C04F79EFBC}") = "07.Decode", "07.Decode\07.Decode.csproj", "{61397E3F-CC34-42BA-AAC1-DE3B0B94184E}"
EndProject
Project("{FAE04EC0-301F-11D3-BF4B-00C04F79EFBC}") = "09.MaxSumOfSeparate", "09.MaxSumOfSeparate\09.MaxSumOfSeparate.csproj", "{CC7CBD6D-3813-40E9-82F7-F6D7B58D6FFC}"
EndProject
Project("{FAE04EC0-301F-11D3-BF4B-00C04F79EFBC}") = "10.JobScheduler", "10.JobScheduler\10.JobScheduler.csproj", "{BF1108A3-8EA3-48FD-9C04-54AF88F3BCD1}"
EndProject
Project("{FAE04EC0-301F-11D3-BF4B-00C04F79EFBC}") = "08.CountUnival", "08.CountUnival\08.CountUnival.csproj", "{9587AA46-1492-4F92-98B4-35108806EFE8}"
EndProject
Project("{FAE04EC0-301F-11D3-BF4B-00C04F79EFBC}") = "11.Autocomplete", "11.Autocomplete\11.Autocomplete.csproj", "{0559E5D1-E14F-4B84-8135-3AE46B8FDE0E}"
EndProject
Project("{FAE04EC0-301F-11D3-BF4B-00C04F79EFBC}") = "12.StaircaseClimb", "12.StaircaseClimb\12.StaircaseClimb.csproj", "{90E7E1A0-A6AF-4AE5-913B-24D4F88B2F48}"
EndProject
Project("{FAE04EC0-301F-11D3-BF4B-00C04F79EFBC}") = "13.LongestSubstringLimited", "13.LongestSubstringLimited\13.LongestSubstringLimited.csproj", "{2443CA4E-AF89-4481-A6C0-14B83D18A881}"
EndProject
Project("{2150E333-8FDC-42A3-9474-1A3956D46DE8}") = "Solution Items", "Solution Items", "{67DDA813-206E-40FC-8261-9FB136DF99AA}"
	ProjectSection(SolutionItems) = preProject
		.gitignore = .gitignore
		README.md = README.md
	EndProjectSection
EndProject
Project("{FAE04EC0-301F-11D3-BF4B-00C04F79EFBC}") = "14.EstimatePi", "14.EstimatePi\14.EstimatePi.csproj", "{08E17984-9E41-429B-8709-5B121B068DA6}"
EndProject
Project("{FAE04EC0-301F-11D3-BF4B-00C04F79EFBC}") = "01.IsSumPossible", "01.IsSumPossible\01.IsSumPossible.csproj", "{69E9379F-FE1F-4F19-ABF3-943A6E173BEE}"
EndProject
Project("{FAE04EC0-301F-11D3-BF4B-00C04F79EFBC}") = "02.ProductButOne", "02.ProductButOne\02.ProductButOne.csproj", "{626186EE-C6DF-4E7B-B6C6-16236D1EB1FB}"
EndProject
Project("{FAE04EC0-301F-11D3-BF4B-00C04F79EFBC}") = "15.RandomFromStream", "15.RandomFromStream\15.RandomFromStream.csproj", "{14D304E3-94F3-4DB4-8B6F-3F076997F9E1}"
EndProject
Project("{FAE04EC0-301F-11D3-BF4B-00C04F79EFBC}") = "16.LogOrderIds", "16.LogOrderIds\16.LogOrderIds.csproj", "{DD7244A8-8F1A-4D05-909D-8D54F02FAD9F}"
EndProject
Project("{FAE04EC0-301F-11D3-BF4B-00C04F79EFBC}") = "17.FindLongestFilePath", "17.FindLongestFilePath\17.FindLongestFilePath.csproj", "{9360AA81-050A-411C-90EB-C2E90DC962A8}"
EndProject
Project("{FAE04EC0-301F-11D3-BF4B-00C04F79EFBC}") = "18.SubarrayMaximums", "18.SubarrayMaximums\18.SubarrayMaximums.csproj", "{A12AC2FC-B193-4585-86F5-95544BB2256C}"
EndProject
Project("{FAE04EC0-301F-11D3-BF4B-00C04F79EFBC}") = "19.ColoredHouses", "19.ColoredHouses\19.ColoredHouses.csproj", "{ABD12457-F8E5-4A14-A109-6CFBB96F805C}"
EndProject
Project("{FAE04EC0-301F-11D3-BF4B-00C04F79EFBC}") = "20.LinkedListInstersection", "20.LinkedListInstersection\20.LinkedListInstersection.csproj", "{0C29E0CA-CE43-4F97-9D9F-CA2D0EB6FEAE}"
EndProject
Project("{FAE04EC0-301F-11D3-BF4B-00C04F79EFBC}") = "21.MinimumRooms", "21.MinimumRooms\21.MinimumRooms.csproj", "{DFD3359B-72BC-4F3F-8738-98B0292BC703}"
EndProject
Project("{FAE04EC0-301F-11D3-BF4B-00C04F79EFBC}") = "22.SentenceReconstruction", "22.SentenceReconstruction\22.SentenceReconstruction.csproj", "{DF3F139D-FB4F-47DF-9446-ADE5DD7C4EDA}"
EndProject
Project("{FAE04EC0-301F-11D3-BF4B-00C04F79EFBC}") = "23.MatrixShortestPath", "23.MatrixShortestPath\23.MatrixShortestPath.csproj", "{C115C409-A684-4345-8846-E204A1BB80DA}"
EndProject
Project("{FAE04EC0-301F-11D3-BF4B-00C04F79EFBC}") = "24.LockingTree", "24.LockingTree\24.LockingTree.csproj", "{CE6CC14D-3F61-4FC0-972E-0B7DB0A1F934}"
EndProject
Project("{FAE04EC0-301F-11D3-BF4B-00C04F79EFBC}") = "26.LinkedListElement", "26.LinkedListElement\26.LinkedListElement.csproj", "{5C4F3E21-8D14-4339-9D87-607CBD9DCD6D}"
EndProject
Project("{FAE04EC0-301F-11D3-BF4B-00C04F79EFBC}") = "25.LameRegex", "25.LameRegex\25.LameRegex.csproj", "{F80897C2-6724-4613-9284-6EFD38549DE5}"
EndProject
Project("{FAE04EC0-301F-11D3-BF4B-00C04F79EFBC}") = "27.Brackets", "27.Brackets\27.Brackets.csproj", "{660359B9-81E9-4144-86A6-A2D2A4A221C2}"
EndProject
Project("{FAE04EC0-301F-11D3-BF4B-00C04F79EFBC}") = "28.TextJustification", "28.TextJustification\28.TextJustification.csproj", "{08C1FBDD-DEC8-4999-96E3-51CBE401E555}"
EndProject
Project("{FAE04EC0-301F-11D3-BF4B-00C04F79EFBC}") = "29.RunLengthEncoding", "29.RunLengthEncoding\29.RunLengthEncoding.csproj", "{9A2DA94B-6094-426A-9104-453031ABEC68}"
EndProject
Project("{FAE04EC0-301F-11D3-BF4B-00C04F79EFBC}") = "30.Rain", "30.Rain\30.Rain.csproj", "{C603FC2E-8EB8-4BE5-BBB4-79D1BB445AF5}"
EndProject
Project("{FAE04EC0-301F-11D3-BF4B-00C04F79EFBC}") = "31.MED", "31.MED\31.MED.csproj", "{2C760B5C-4D28-4009-BBF2-5B5AC8B69200}"
EndProject
Project("{FAE04EC0-301F-11D3-BF4B-00C04F79EFBC}") = "33.RunningMedian", "33.RunningMedian\33.RunningMedian.csproj", "{51FC23A8-5B89-435A-8A65-489F9F0C7A85}"
EndProject
Project("{FAE04EC0-301F-11D3-BF4B-00C04F79EFBC}") = "34.ShortestPalindrome", "34.ShortestPalindrome\34.ShortestPalindrome.csproj", "{A1C39B1F-5D28-4136-89CC-C427D9D13F94}"
EndProject
Project("{FAE04EC0-301F-11D3-BF4B-00C04F79EFBC}") = "35.SortColors", "35.SortColors\35.SortColors.csproj", "{7E1D2576-7A7C-41BE-AACB-3731606CED47}"
EndProject
Project("{FAE04EC0-301F-11D3-BF4B-00C04F79EFBC}") = "36.BSTSecondLargest", "36.BSTSecondLargest\36.BSTSecondLargest.csproj", "{DBC97B5B-6870-4CB1-B20C-9CB05AF2378F}"
EndProject
Project("{FAE04EC0-301F-11D3-BF4B-00C04F79EFBC}") = "37.PowerSet", "37.PowerSet\37.PowerSet.csproj", "{00609C39-2342-4EAB-B77C-81A1948DE307}"
EndProject
Project("{FAE04EC0-301F-11D3-BF4B-00C04F79EFBC}") = "39.GameOfLife", "39.GameOfLife\39.GameOfLife.csproj", "{EA5F8658-3B58-4B7E-8044-AE79A2A441DA}"
EndProject
Project("{FAE04EC0-301F-11D3-BF4B-00C04F79EFBC}") = "40.FindSingle", "40.FindSingle\40.FindSingle.csproj", "{665AA913-6EC7-4522-89A5-11885115BAD9}"
EndProject
Project("{FAE04EC0-301F-11D3-BF4B-00C04F79EFBC}") = "41.Itinerary", "41.Itinerary\41.Itinerary.csproj", "{E7AC5070-1805-422B-8EEF-727549B0A3CA}"
EndProject
Project("{FAE04EC0-301F-11D3-BF4B-00C04F79EFBC}") = "42.SubsetSum", "42.SubsetSum\42.SubsetSum.csproj", "{CBD1ED4D-A5DB-41D7-9742-892671AFC0FC}"
EndProject
Project("{FAE04EC0-301F-11D3-BF4B-00C04F79EFBC}") = "43.MaxHeap", "43.MaxHeap\43.MaxHeap.csproj", "{C17E4D3A-0F4E-4B7D-B4AF-47C7B8D6DAB0}"
EndProject
Project("{FAE04EC0-301F-11D3-BF4B-00C04F79EFBC}") = "45.Rand7", "45.Rand7\45.Rand7.csproj", "{2A089814-7BCB-4599-B37A-392FC1D827F1}"
EndProject
Global
	GlobalSection(SolutionConfigurationPlatforms) = preSolution
		Debug|Any CPU = Debug|Any CPU
		Release|Any CPU = Release|Any CPU
	EndGlobalSection
	GlobalSection(ProjectConfigurationPlatforms) = postSolution
		{B3D9ABF5-341C-4A55-8E9B-F6912D5E75D8}.Debug|Any CPU.ActiveCfg = Debug|Any CPU
		{B3D9ABF5-341C-4A55-8E9B-F6912D5E75D8}.Debug|Any CPU.Build.0 = Debug|Any CPU
		{B3D9ABF5-341C-4A55-8E9B-F6912D5E75D8}.Release|Any CPU.ActiveCfg = Release|Any CPU
		{B3D9ABF5-341C-4A55-8E9B-F6912D5E75D8}.Release|Any CPU.Build.0 = Release|Any CPU
		{D6308FB2-E01D-46CF-A380-93B368404D8E}.Debug|Any CPU.ActiveCfg = Debug|Any CPU
		{D6308FB2-E01D-46CF-A380-93B368404D8E}.Debug|Any CPU.Build.0 = Debug|Any CPU
		{D6308FB2-E01D-46CF-A380-93B368404D8E}.Release|Any CPU.ActiveCfg = Release|Any CPU
		{D6308FB2-E01D-46CF-A380-93B368404D8E}.Release|Any CPU.Build.0 = Release|Any CPU
		{0A8253D4-174D-407C-9FB5-5F8B07A324AC}.Debug|Any CPU.ActiveCfg = Debug|Any CPU
		{0A8253D4-174D-407C-9FB5-5F8B07A324AC}.Debug|Any CPU.Build.0 = Debug|Any CPU
		{0A8253D4-174D-407C-9FB5-5F8B07A324AC}.Release|Any CPU.ActiveCfg = Release|Any CPU
		{0A8253D4-174D-407C-9FB5-5F8B07A324AC}.Release|Any CPU.Build.0 = Release|Any CPU
		{0C9E7642-B1AC-42F2-BE4A-9D85F8E1A9FE}.Debug|Any CPU.ActiveCfg = Debug|Any CPU
		{0C9E7642-B1AC-42F2-BE4A-9D85F8E1A9FE}.Debug|Any CPU.Build.0 = Debug|Any CPU
		{0C9E7642-B1AC-42F2-BE4A-9D85F8E1A9FE}.Release|Any CPU.ActiveCfg = Release|Any CPU
		{0C9E7642-B1AC-42F2-BE4A-9D85F8E1A9FE}.Release|Any CPU.Build.0 = Release|Any CPU
		{61397E3F-CC34-42BA-AAC1-DE3B0B94184E}.Debug|Any CPU.ActiveCfg = Debug|Any CPU
		{61397E3F-CC34-42BA-AAC1-DE3B0B94184E}.Debug|Any CPU.Build.0 = Debug|Any CPU
		{61397E3F-CC34-42BA-AAC1-DE3B0B94184E}.Release|Any CPU.ActiveCfg = Release|Any CPU
		{61397E3F-CC34-42BA-AAC1-DE3B0B94184E}.Release|Any CPU.Build.0 = Release|Any CPU
		{CC7CBD6D-3813-40E9-82F7-F6D7B58D6FFC}.Debug|Any CPU.ActiveCfg = Debug|Any CPU
		{CC7CBD6D-3813-40E9-82F7-F6D7B58D6FFC}.Debug|Any CPU.Build.0 = Debug|Any CPU
		{CC7CBD6D-3813-40E9-82F7-F6D7B58D6FFC}.Release|Any CPU.ActiveCfg = Release|Any CPU
		{CC7CBD6D-3813-40E9-82F7-F6D7B58D6FFC}.Release|Any CPU.Build.0 = Release|Any CPU
		{BF1108A3-8EA3-48FD-9C04-54AF88F3BCD1}.Debug|Any CPU.ActiveCfg = Debug|Any CPU
		{BF1108A3-8EA3-48FD-9C04-54AF88F3BCD1}.Debug|Any CPU.Build.0 = Debug|Any CPU
		{BF1108A3-8EA3-48FD-9C04-54AF88F3BCD1}.Release|Any CPU.ActiveCfg = Release|Any CPU
		{BF1108A3-8EA3-48FD-9C04-54AF88F3BCD1}.Release|Any CPU.Build.0 = Release|Any CPU
		{9587AA46-1492-4F92-98B4-35108806EFE8}.Debug|Any CPU.ActiveCfg = Debug|Any CPU
		{9587AA46-1492-4F92-98B4-35108806EFE8}.Debug|Any CPU.Build.0 = Debug|Any CPU
		{9587AA46-1492-4F92-98B4-35108806EFE8}.Release|Any CPU.ActiveCfg = Release|Any CPU
		{9587AA46-1492-4F92-98B4-35108806EFE8}.Release|Any CPU.Build.0 = Release|Any CPU
		{0559E5D1-E14F-4B84-8135-3AE46B8FDE0E}.Debug|Any CPU.ActiveCfg = Debug|Any CPU
		{0559E5D1-E14F-4B84-8135-3AE46B8FDE0E}.Debug|Any CPU.Build.0 = Debug|Any CPU
		{0559E5D1-E14F-4B84-8135-3AE46B8FDE0E}.Release|Any CPU.ActiveCfg = Release|Any CPU
		{0559E5D1-E14F-4B84-8135-3AE46B8FDE0E}.Release|Any CPU.Build.0 = Release|Any CPU
		{90E7E1A0-A6AF-4AE5-913B-24D4F88B2F48}.Debug|Any CPU.ActiveCfg = Debug|Any CPU
		{90E7E1A0-A6AF-4AE5-913B-24D4F88B2F48}.Debug|Any CPU.Build.0 = Debug|Any CPU
		{90E7E1A0-A6AF-4AE5-913B-24D4F88B2F48}.Release|Any CPU.ActiveCfg = Release|Any CPU
		{90E7E1A0-A6AF-4AE5-913B-24D4F88B2F48}.Release|Any CPU.Build.0 = Release|Any CPU
		{2443CA4E-AF89-4481-A6C0-14B83D18A881}.Debug|Any CPU.ActiveCfg = Debug|Any CPU
		{2443CA4E-AF89-4481-A6C0-14B83D18A881}.Debug|Any CPU.Build.0 = Debug|Any CPU
		{2443CA4E-AF89-4481-A6C0-14B83D18A881}.Release|Any CPU.ActiveCfg = Release|Any CPU
		{2443CA4E-AF89-4481-A6C0-14B83D18A881}.Release|Any CPU.Build.0 = Release|Any CPU
		{08E17984-9E41-429B-8709-5B121B068DA6}.Debug|Any CPU.ActiveCfg = Debug|Any CPU
		{08E17984-9E41-429B-8709-5B121B068DA6}.Debug|Any CPU.Build.0 = Debug|Any CPU
		{08E17984-9E41-429B-8709-5B121B068DA6}.Release|Any CPU.ActiveCfg = Release|Any CPU
		{08E17984-9E41-429B-8709-5B121B068DA6}.Release|Any CPU.Build.0 = Release|Any CPU
		{69E9379F-FE1F-4F19-ABF3-943A6E173BEE}.Debug|Any CPU.ActiveCfg = Debug|Any CPU
		{69E9379F-FE1F-4F19-ABF3-943A6E173BEE}.Debug|Any CPU.Build.0 = Debug|Any CPU
		{69E9379F-FE1F-4F19-ABF3-943A6E173BEE}.Release|Any CPU.ActiveCfg = Release|Any CPU
		{69E9379F-FE1F-4F19-ABF3-943A6E173BEE}.Release|Any CPU.Build.0 = Release|Any CPU
		{626186EE-C6DF-4E7B-B6C6-16236D1EB1FB}.Debug|Any CPU.ActiveCfg = Debug|Any CPU
		{626186EE-C6DF-4E7B-B6C6-16236D1EB1FB}.Debug|Any CPU.Build.0 = Debug|Any CPU
		{626186EE-C6DF-4E7B-B6C6-16236D1EB1FB}.Release|Any CPU.ActiveCfg = Release|Any CPU
		{626186EE-C6DF-4E7B-B6C6-16236D1EB1FB}.Release|Any CPU.Build.0 = Release|Any CPU
		{14D304E3-94F3-4DB4-8B6F-3F076997F9E1}.Debug|Any CPU.ActiveCfg = Debug|Any CPU
		{14D304E3-94F3-4DB4-8B6F-3F076997F9E1}.Debug|Any CPU.Build.0 = Debug|Any CPU
		{14D304E3-94F3-4DB4-8B6F-3F076997F9E1}.Release|Any CPU.ActiveCfg = Release|Any CPU
		{14D304E3-94F3-4DB4-8B6F-3F076997F9E1}.Release|Any CPU.Build.0 = Release|Any CPU
		{DD7244A8-8F1A-4D05-909D-8D54F02FAD9F}.Debug|Any CPU.ActiveCfg = Debug|Any CPU
		{DD7244A8-8F1A-4D05-909D-8D54F02FAD9F}.Debug|Any CPU.Build.0 = Debug|Any CPU
		{DD7244A8-8F1A-4D05-909D-8D54F02FAD9F}.Release|Any CPU.ActiveCfg = Release|Any CPU
		{DD7244A8-8F1A-4D05-909D-8D54F02FAD9F}.Release|Any CPU.Build.0 = Release|Any CPU
		{9360AA81-050A-411C-90EB-C2E90DC962A8}.Debug|Any CPU.ActiveCfg = Debug|Any CPU
		{9360AA81-050A-411C-90EB-C2E90DC962A8}.Debug|Any CPU.Build.0 = Debug|Any CPU
		{9360AA81-050A-411C-90EB-C2E90DC962A8}.Release|Any CPU.ActiveCfg = Release|Any CPU
		{9360AA81-050A-411C-90EB-C2E90DC962A8}.Release|Any CPU.Build.0 = Release|Any CPU
		{A12AC2FC-B193-4585-86F5-95544BB2256C}.Debug|Any CPU.ActiveCfg = Debug|Any CPU
		{A12AC2FC-B193-4585-86F5-95544BB2256C}.Debug|Any CPU.Build.0 = Debug|Any CPU
		{A12AC2FC-B193-4585-86F5-95544BB2256C}.Release|Any CPU.ActiveCfg = Release|Any CPU
		{A12AC2FC-B193-4585-86F5-95544BB2256C}.Release|Any CPU.Build.0 = Release|Any CPU
		{ABD12457-F8E5-4A14-A109-6CFBB96F805C}.Debug|Any CPU.ActiveCfg = Debug|Any CPU
		{ABD12457-F8E5-4A14-A109-6CFBB96F805C}.Debug|Any CPU.Build.0 = Debug|Any CPU
		{ABD12457-F8E5-4A14-A109-6CFBB96F805C}.Release|Any CPU.ActiveCfg = Release|Any CPU
		{ABD12457-F8E5-4A14-A109-6CFBB96F805C}.Release|Any CPU.Build.0 = Release|Any CPU
		{0C29E0CA-CE43-4F97-9D9F-CA2D0EB6FEAE}.Debug|Any CPU.ActiveCfg = Debug|Any CPU
		{0C29E0CA-CE43-4F97-9D9F-CA2D0EB6FEAE}.Debug|Any CPU.Build.0 = Debug|Any CPU
		{0C29E0CA-CE43-4F97-9D9F-CA2D0EB6FEAE}.Release|Any CPU.ActiveCfg = Release|Any CPU
		{0C29E0CA-CE43-4F97-9D9F-CA2D0EB6FEAE}.Release|Any CPU.Build.0 = Release|Any CPU
		{DFD3359B-72BC-4F3F-8738-98B0292BC703}.Debug|Any CPU.ActiveCfg = Debug|Any CPU
		{DFD3359B-72BC-4F3F-8738-98B0292BC703}.Debug|Any CPU.Build.0 = Debug|Any CPU
		{DFD3359B-72BC-4F3F-8738-98B0292BC703}.Release|Any CPU.ActiveCfg = Release|Any CPU
		{DFD3359B-72BC-4F3F-8738-98B0292BC703}.Release|Any CPU.Build.0 = Release|Any CPU
		{DF3F139D-FB4F-47DF-9446-ADE5DD7C4EDA}.Debug|Any CPU.ActiveCfg = Debug|Any CPU
		{DF3F139D-FB4F-47DF-9446-ADE5DD7C4EDA}.Debug|Any CPU.Build.0 = Debug|Any CPU
		{DF3F139D-FB4F-47DF-9446-ADE5DD7C4EDA}.Release|Any CPU.ActiveCfg = Release|Any CPU
		{DF3F139D-FB4F-47DF-9446-ADE5DD7C4EDA}.Release|Any CPU.Build.0 = Release|Any CPU
		{C115C409-A684-4345-8846-E204A1BB80DA}.Debug|Any CPU.ActiveCfg = Debug|Any CPU
		{C115C409-A684-4345-8846-E204A1BB80DA}.Debug|Any CPU.Build.0 = Debug|Any CPU
		{C115C409-A684-4345-8846-E204A1BB80DA}.Release|Any CPU.ActiveCfg = Release|Any CPU
		{C115C409-A684-4345-8846-E204A1BB80DA}.Release|Any CPU.Build.0 = Release|Any CPU
		{CE6CC14D-3F61-4FC0-972E-0B7DB0A1F934}.Debug|Any CPU.ActiveCfg = Debug|Any CPU
		{CE6CC14D-3F61-4FC0-972E-0B7DB0A1F934}.Debug|Any CPU.Build.0 = Debug|Any CPU
		{CE6CC14D-3F61-4FC0-972E-0B7DB0A1F934}.Release|Any CPU.ActiveCfg = Release|Any CPU
		{CE6CC14D-3F61-4FC0-972E-0B7DB0A1F934}.Release|Any CPU.Build.0 = Release|Any CPU
		{5C4F3E21-8D14-4339-9D87-607CBD9DCD6D}.Debug|Any CPU.ActiveCfg = Debug|Any CPU
		{5C4F3E21-8D14-4339-9D87-607CBD9DCD6D}.Debug|Any CPU.Build.0 = Debug|Any CPU
		{5C4F3E21-8D14-4339-9D87-607CBD9DCD6D}.Release|Any CPU.ActiveCfg = Release|Any CPU
		{5C4F3E21-8D14-4339-9D87-607CBD9DCD6D}.Release|Any CPU.Build.0 = Release|Any CPU
		{F80897C2-6724-4613-9284-6EFD38549DE5}.Debug|Any CPU.ActiveCfg = Debug|Any CPU
		{F80897C2-6724-4613-9284-6EFD38549DE5}.Debug|Any CPU.Build.0 = Debug|Any CPU
		{F80897C2-6724-4613-9284-6EFD38549DE5}.Release|Any CPU.ActiveCfg = Release|Any CPU
		{F80897C2-6724-4613-9284-6EFD38549DE5}.Release|Any CPU.Build.0 = Release|Any CPU
		{660359B9-81E9-4144-86A6-A2D2A4A221C2}.Debug|Any CPU.ActiveCfg = Debug|Any CPU
		{660359B9-81E9-4144-86A6-A2D2A4A221C2}.Debug|Any CPU.Build.0 = Debug|Any CPU
		{660359B9-81E9-4144-86A6-A2D2A4A221C2}.Release|Any CPU.ActiveCfg = Release|Any CPU
		{660359B9-81E9-4144-86A6-A2D2A4A221C2}.Release|Any CPU.Build.0 = Release|Any CPU
		{08C1FBDD-DEC8-4999-96E3-51CBE401E555}.Debug|Any CPU.ActiveCfg = Debug|Any CPU
		{08C1FBDD-DEC8-4999-96E3-51CBE401E555}.Debug|Any CPU.Build.0 = Debug|Any CPU
		{08C1FBDD-DEC8-4999-96E3-51CBE401E555}.Release|Any CPU.ActiveCfg = Release|Any CPU
		{08C1FBDD-DEC8-4999-96E3-51CBE401E555}.Release|Any CPU.Build.0 = Release|Any CPU
		{9A2DA94B-6094-426A-9104-453031ABEC68}.Debug|Any CPU.ActiveCfg = Debug|Any CPU
		{9A2DA94B-6094-426A-9104-453031ABEC68}.Debug|Any CPU.Build.0 = Debug|Any CPU
		{9A2DA94B-6094-426A-9104-453031ABEC68}.Release|Any CPU.ActiveCfg = Release|Any CPU
		{9A2DA94B-6094-426A-9104-453031ABEC68}.Release|Any CPU.Build.0 = Release|Any CPU
		{C603FC2E-8EB8-4BE5-BBB4-79D1BB445AF5}.Debug|Any CPU.ActiveCfg = Debug|Any CPU
		{C603FC2E-8EB8-4BE5-BBB4-79D1BB445AF5}.Debug|Any CPU.Build.0 = Debug|Any CPU
		{C603FC2E-8EB8-4BE5-BBB4-79D1BB445AF5}.Release|Any CPU.ActiveCfg = Release|Any CPU
		{C603FC2E-8EB8-4BE5-BBB4-79D1BB445AF5}.Release|Any CPU.Build.0 = Release|Any CPU
		{2C760B5C-4D28-4009-BBF2-5B5AC8B69200}.Debug|Any CPU.ActiveCfg = Debug|Any CPU
		{2C760B5C-4D28-4009-BBF2-5B5AC8B69200}.Debug|Any CPU.Build.0 = Debug|Any CPU
		{2C760B5C-4D28-4009-BBF2-5B5AC8B69200}.Release|Any CPU.ActiveCfg = Release|Any CPU
		{2C760B5C-4D28-4009-BBF2-5B5AC8B69200}.Release|Any CPU.Build.0 = Release|Any CPU
		{51FC23A8-5B89-435A-8A65-489F9F0C7A85}.Debug|Any CPU.ActiveCfg = Debug|Any CPU
		{51FC23A8-5B89-435A-8A65-489F9F0C7A85}.Debug|Any CPU.Build.0 = Debug|Any CPU
		{51FC23A8-5B89-435A-8A65-489F9F0C7A85}.Release|Any CPU.ActiveCfg = Release|Any CPU
		{51FC23A8-5B89-435A-8A65-489F9F0C7A85}.Release|Any CPU.Build.0 = Release|Any CPU
		{A1C39B1F-5D28-4136-89CC-C427D9D13F94}.Debug|Any CPU.ActiveCfg = Debug|Any CPU
		{A1C39B1F-5D28-4136-89CC-C427D9D13F94}.Debug|Any CPU.Build.0 = Debug|Any CPU
		{A1C39B1F-5D28-4136-89CC-C427D9D13F94}.Release|Any CPU.ActiveCfg = Release|Any CPU
		{A1C39B1F-5D28-4136-89CC-C427D9D13F94}.Release|Any CPU.Build.0 = Release|Any CPU
		{7E1D2576-7A7C-41BE-AACB-3731606CED47}.Debug|Any CPU.ActiveCfg = Debug|Any CPU
		{7E1D2576-7A7C-41BE-AACB-3731606CED47}.Debug|Any CPU.Build.0 = Debug|Any CPU
		{7E1D2576-7A7C-41BE-AACB-3731606CED47}.Release|Any CPU.ActiveCfg = Release|Any CPU
		{7E1D2576-7A7C-41BE-AACB-3731606CED47}.Release|Any CPU.Build.0 = Release|Any CPU
		{DBC97B5B-6870-4CB1-B20C-9CB05AF2378F}.Debug|Any CPU.ActiveCfg = Debug|Any CPU
		{DBC97B5B-6870-4CB1-B20C-9CB05AF2378F}.Debug|Any CPU.Build.0 = Debug|Any CPU
		{DBC97B5B-6870-4CB1-B20C-9CB05AF2378F}.Release|Any CPU.ActiveCfg = Release|Any CPU
		{DBC97B5B-6870-4CB1-B20C-9CB05AF2378F}.Release|Any CPU.Build.0 = Release|Any CPU
		{00609C39-2342-4EAB-B77C-81A1948DE307}.Debug|Any CPU.ActiveCfg = Debug|Any CPU
		{00609C39-2342-4EAB-B77C-81A1948DE307}.Debug|Any CPU.Build.0 = Debug|Any CPU
		{00609C39-2342-4EAB-B77C-81A1948DE307}.Release|Any CPU.ActiveCfg = Release|Any CPU
		{00609C39-2342-4EAB-B77C-81A1948DE307}.Release|Any CPU.Build.0 = Release|Any CPU
		{EA5F8658-3B58-4B7E-8044-AE79A2A441DA}.Debug|Any CPU.ActiveCfg = Debug|Any CPU
		{EA5F8658-3B58-4B7E-8044-AE79A2A441DA}.Debug|Any CPU.Build.0 = Debug|Any CPU
		{EA5F8658-3B58-4B7E-8044-AE79A2A441DA}.Release|Any CPU.ActiveCfg = Release|Any CPU
		{EA5F8658-3B58-4B7E-8044-AE79A2A441DA}.Release|Any CPU.Build.0 = Release|Any CPU
		{665AA913-6EC7-4522-89A5-11885115BAD9}.Debug|Any CPU.ActiveCfg = Debug|Any CPU
		{665AA913-6EC7-4522-89A5-11885115BAD9}.Debug|Any CPU.Build.0 = Debug|Any CPU
		{665AA913-6EC7-4522-89A5-11885115BAD9}.Release|Any CPU.ActiveCfg = Release|Any CPU
		{665AA913-6EC7-4522-89A5-11885115BAD9}.Release|Any CPU.Build.0 = Release|Any CPU
		{E7AC5070-1805-422B-8EEF-727549B0A3CA}.Debug|Any CPU.ActiveCfg = Debug|Any CPU
		{E7AC5070-1805-422B-8EEF-727549B0A3CA}.Debug|Any CPU.Build.0 = Debug|Any CPU
		{E7AC5070-1805-422B-8EEF-727549B0A3CA}.Release|Any CPU.ActiveCfg = Release|Any CPU
		{E7AC5070-1805-422B-8EEF-727549B0A3CA}.Release|Any CPU.Build.0 = Release|Any CPU
		{CBD1ED4D-A5DB-41D7-9742-892671AFC0FC}.Debug|Any CPU.ActiveCfg = Debug|Any CPU
		{CBD1ED4D-A5DB-41D7-9742-892671AFC0FC}.Debug|Any CPU.Build.0 = Debug|Any CPU
		{CBD1ED4D-A5DB-41D7-9742-892671AFC0FC}.Release|Any CPU.ActiveCfg = Release|Any CPU
		{CBD1ED4D-A5DB-41D7-9742-892671AFC0FC}.Release|Any CPU.Build.0 = Release|Any CPU
		{C17E4D3A-0F4E-4B7D-B4AF-47C7B8D6DAB0}.Debug|Any CPU.ActiveCfg = Debug|Any CPU
		{C17E4D3A-0F4E-4B7D-B4AF-47C7B8D6DAB0}.Debug|Any CPU.Build.0 = Debug|Any CPU
		{C17E4D3A-0F4E-4B7D-B4AF-47C7B8D6DAB0}.Release|Any CPU.ActiveCfg = Release|Any CPU
		{C17E4D3A-0F4E-4B7D-B4AF-47C7B8D6DAB0}.Release|Any CPU.Build.0 = Release|Any CPU
		{2A089814-7BCB-4599-B37A-392FC1D827F1}.Debug|Any CPU.ActiveCfg = Debug|Any CPU
		{2A089814-7BCB-4599-B37A-392FC1D827F1}.Debug|Any CPU.Build.0 = Debug|Any CPU
		{2A089814-7BCB-4599-B37A-392FC1D827F1}.Release|Any CPU.ActiveCfg = Release|Any CPU
		{2A089814-7BCB-4599-B37A-392FC1D827F1}.Release|Any CPU.Build.0 = Release|Any CPU
	EndGlobalSection
	GlobalSection(SolutionProperties) = preSolution
		HideSolutionNode = FALSE
	EndGlobalSection
	GlobalSection(ExtensibilityGlobals) = postSolution
		SolutionGuid = {96B74FD6-18C5-4C7D-B12E-B0125061EB4D}
	EndGlobalSection
EndGlobal
